
Microsoft Visual Studio Solution File, Format Version 12.00
# Visual Studio Version 17
VisualStudioVersion = 17.0.32014.148
MinimumVisualStudioVersion = 10.0.40219.1
Project("{FAE04EC0-301F-11D3-BF4B-00C04F79EFBC}") = "LeetCode", "LeetCode\LeetCode.csproj", "{28A1AB54-1ECE-4BAF-8A8F-C5B7B733548C}"
EndProject
Global
	GlobalSection(SolutionConfigurationPlatforms) = preSolution
		Debug|Any CPU = Debug|Any CPU
		Release|Any CPU = Release|Any CPU
	EndGlobalSection
	GlobalSection(ProjectConfigurationPlatforms) = postSolution
		{28A1AB54-1ECE-4BAF-8A8F-C5B7B733548C}.Debug|Any CPU.ActiveCfg = Debug|Any CPU
		{28A1AB54-1ECE-4BAF-8A8F-C5B7B733548C}.Debug|Any CPU.Build.0 = Debug|Any CPU
		{28A1AB54-1ECE-4BAF-8A8F-C5B7B733548C}.Release|Any CPU.ActiveCfg = Release|Any CPU
		{28A1AB54-1ECE-4BAF-8A8F-C5B7B733548C}.Release|Any CPU.Build.0 = Release|Any CPU
	EndGlobalSection
	GlobalSection(SolutionProperties) = preSolution
		HideSolutionNode = FALSE
	EndGlobalSection
	GlobalSection(ExtensibilityGlobals) = postSolution
		SolutionGuid = {88FD7A8B-3661-40A7-823E-ED77976A8AE9}
	EndGlobalSection
EndGlobal
